
Microsoft Visual Studio Solution File, Format Version 12.00
# Visual Studio Version 17
VisualStudioVersion = 17.0.32014.148
MinimumVisualStudioVersion = 10.0.40219.1
Project("{FAE04EC0-301F-11D3-BF4B-00C04F79EFBC}") = "SystemInterface", "WindowsFormsAppTest\SystemInterface.csproj", "{CD15C968-E309-4242-9BC5-F059EF59CDC2}"
EndProject
Project("{FAE04EC0-301F-11D3-BF4B-00C04F79EFBC}") = "SystemLocalStore", "SystemLocalStore\SystemLocalStore.csproj", "{494836DA-D213-4F5D-9046-583E36702589}"
EndProject
Project("{FAE04EC0-301F-11D3-BF4B-00C04F79EFBC}") = "FileProcessor", "FileProcessor\FileProcessor.csproj", "{0F059105-A83E-4BF0-8D81-DDF121DE88CC}"
EndProject
Project("{FAE04EC0-301F-11D3-BF4B-00C04F79EFBC}") = "FileProcessor.cprd", "FileProcessor.cprd\FileProcessor.cprd.csproj", "{47679700-A94F-4ABD-A36E-CA78888136FF}"
EndProject
Project("{FAE04EC0-301F-11D3-BF4B-00C04F79EFBC}") = "DatabaseProcessor", "DatabaseProcessor\DatabaseProcessor.csproj", "{1D1CA331-DA5C-4464-8A15-E0838F57091E}"
EndProject
Project("{FAE04EC0-301F-11D3-BF4B-00C04F79EFBC}") = "SystemService", "SystemService\SystemService.csproj", "{6797D753-0885-4A0D-B91D-C64CE7FB011B}"
EndProject
Project("{FAE04EC0-301F-11D3-BF4B-00C04F79EFBC}") = "OMOPProcessor", "OMOPProcessor\OMOPProcessor.csproj", "{FD21D71D-38FD-440B-B52E-37F278D8E16E}"
EndProject
Global
	GlobalSection(SolutionConfigurationPlatforms) = preSolution
		Debug|Any CPU = Debug|Any CPU
		Release|Any CPU = Release|Any CPU
	EndGlobalSection
	GlobalSection(ProjectConfigurationPlatforms) = postSolution
		{CD15C968-E309-4242-9BC5-F059EF59CDC2}.Debug|Any CPU.ActiveCfg = Debug|Any CPU
		{CD15C968-E309-4242-9BC5-F059EF59CDC2}.Debug|Any CPU.Build.0 = Debug|Any CPU
		{CD15C968-E309-4242-9BC5-F059EF59CDC2}.Release|Any CPU.ActiveCfg = Release|Any CPU
		{CD15C968-E309-4242-9BC5-F059EF59CDC2}.Release|Any CPU.Build.0 = Release|Any CPU
		{494836DA-D213-4F5D-9046-583E36702589}.Debug|Any CPU.ActiveCfg = Debug|Any CPU
		{494836DA-D213-4F5D-9046-583E36702589}.Debug|Any CPU.Build.0 = Debug|Any CPU
		{494836DA-D213-4F5D-9046-583E36702589}.Release|Any CPU.ActiveCfg = Release|Any CPU
		{494836DA-D213-4F5D-9046-583E36702589}.Release|Any CPU.Build.0 = Release|Any CPU
		{0F059105-A83E-4BF0-8D81-DDF121DE88CC}.Debug|Any CPU.ActiveCfg = Debug|Any CPU
		{0F059105-A83E-4BF0-8D81-DDF121DE88CC}.Debug|Any CPU.Build.0 = Debug|Any CPU
		{0F059105-A83E-4BF0-8D81-DDF121DE88CC}.Release|Any CPU.ActiveCfg = Release|Any CPU
		{0F059105-A83E-4BF0-8D81-DDF121DE88CC}.Release|Any CPU.Build.0 = Release|Any CPU
		{47679700-A94F-4ABD-A36E-CA78888136FF}.Debug|Any CPU.ActiveCfg = Debug|Any CPU
		{47679700-A94F-4ABD-A36E-CA78888136FF}.Debug|Any CPU.Build.0 = Debug|Any CPU
		{47679700-A94F-4ABD-A36E-CA78888136FF}.Release|Any CPU.ActiveCfg = Release|Any CPU
		{47679700-A94F-4ABD-A36E-CA78888136FF}.Release|Any CPU.Build.0 = Release|Any CPU
		{1D1CA331-DA5C-4464-8A15-E0838F57091E}.Debug|Any CPU.ActiveCfg = Debug|Any CPU
		{1D1CA331-DA5C-4464-8A15-E0838F57091E}.Debug|Any CPU.Build.0 = Debug|Any CPU
		{1D1CA331-DA5C-4464-8A15-E0838F57091E}.Release|Any CPU.ActiveCfg = Release|Any CPU
		{1D1CA331-DA5C-4464-8A15-E0838F57091E}.Release|Any CPU.Build.0 = Release|Any CPU
		{6797D753-0885-4A0D-B91D-C64CE7FB011B}.Debug|Any CPU.ActiveCfg = Debug|Any CPU
		{6797D753-0885-4A0D-B91D-C64CE7FB011B}.Debug|Any CPU.Build.0 = Debug|Any CPU
		{6797D753-0885-4A0D-B91D-C64CE7FB011B}.Release|Any CPU.ActiveCfg = Release|Any CPU
		{6797D753-0885-4A0D-B91D-C64CE7FB011B}.Release|Any CPU.Build.0 = Release|Any CPU
		{FD21D71D-38FD-440B-B52E-37F278D8E16E}.Debug|Any CPU.ActiveCfg = Debug|Any CPU
		{FD21D71D-38FD-440B-B52E-37F278D8E16E}.Debug|Any CPU.Build.0 = Debug|Any CPU
		{FD21D71D-38FD-440B-B52E-37F278D8E16E}.Release|Any CPU.ActiveCfg = Release|Any CPU
		{FD21D71D-38FD-440B-B52E-37F278D8E16E}.Release|Any CPU.Build.0 = Release|Any CPU
	EndGlobalSection
	GlobalSection(SolutionProperties) = preSolution
		HideSolutionNode = FALSE
	EndGlobalSection
	GlobalSection(ExtensibilityGlobals) = postSolution
		SolutionGuid = {F142F7EC-0DAF-4ECB-A6A5-4904CE1EFBDF}
	EndGlobalSection
EndGlobal
